# on Sherlock, will need to change this config  file
pathvars:
  samples_loc: "/jpgnv/samples"
  jpg_loc: "/jpgnv/run/jpg"
  qoi_loc: "/jpgnv/run/qoi"
  shared_loc: "/jpgnv/run/shared"

# Datetime format must be %Y-%m-%dT%H:%M:%. See [cyclopts rules on coercing dates](https://cyclopts.readthedocs.io/en/latest/rules.html#datetime)
date_time: "2017-07-01T12:00:00"
